
Microsoft Visual Studio Solution File, Format Version 12.00
Project("{FAE04EC0-301F-11D3-BF4B-00C04F79EFBC}") = "EscaperoomGame", "EscaperoomGame.csproj", "{AFBBF49F-C36D-4FC8-A79C-AB04EAF07F0B}"
EndProject
Global
	GlobalSection(SolutionConfigurationPlatforms) = preSolution
		Debug|Any CPU = Debug|Any CPU
		Release|Any CPU = Release|Any CPU
	EndGlobalSection
	GlobalSection(ProjectConfigurationPlatforms) = postSolution
		{AFBBF49F-C36D-4FC8-A79C-AB04EAF07F0B}.Debug|Any CPU.ActiveCfg = Debug|Any CPU
		{AFBBF49F-C36D-4FC8-A79C-AB04EAF07F0B}.Debug|Any CPU.Build.0 = Debug|Any CPU
		{AFBBF49F-C36D-4FC8-A79C-AB04EAF07F0B}.Release|Any CPU.ActiveCfg = Release|Any CPU
		{AFBBF49F-C36D-4FC8-A79C-AB04EAF07F0B}.Release|Any CPU.Build.0 = Release|Any CPU
	EndGlobalSection
EndGlobal
